
Microsoft Visual Studio Solution File, Format Version 12.00
# Visual Studio 15
VisualStudioVersion = 15.0.28307.572
MinimumVisualStudioVersion = 10.0.40219.1
Project("{9A19103F-16F7-4668-BE54-9A1E7A4F7556}") = "NetCorePostgreSql.Service", "NetCorePostgreSql.Service\NetCorePostgreSql.Service.csproj", "{42A3F80B-B9FE-4A5F-9F60-D9BD8E0E3E73}"
EndProject
Project("{9A19103F-16F7-4668-BE54-9A1E7A4F7556}") = "NetCorePostgreSql.Data", "NetCorePostgreSql.Data\NetCorePostgreSql.Data.csproj", "{D50B727C-455D-43EF-9D1A-CCB0B7EA72CD}"
EndProject
Project("{FAE04EC0-301F-11D3-BF4B-00C04F79EFBC}") = "NetCorePostgreSql.Core", "NetCorePostgreSql.Core\NetCorePostgreSql.Core.csproj", "{E4B62776-7C86-4971-9D0F-97075794B2C8}"
EndProject
Global
	GlobalSection(SolutionConfigurationPlatforms) = preSolution
		Debug|Any CPU = Debug|Any CPU
		Release|Any CPU = Release|Any CPU
	EndGlobalSection
	GlobalSection(ProjectConfigurationPlatforms) = postSolution
		{42A3F80B-B9FE-4A5F-9F60-D9BD8E0E3E73}.Debug|Any CPU.ActiveCfg = Debug|Any CPU
		{42A3F80B-B9FE-4A5F-9F60-D9BD8E0E3E73}.Debug|Any CPU.Build.0 = Debug|Any CPU
		{42A3F80B-B9FE-4A5F-9F60-D9BD8E0E3E73}.Release|Any CPU.ActiveCfg = Release|Any CPU
		{42A3F80B-B9FE-4A5F-9F60-D9BD8E0E3E73}.Release|Any CPU.Build.0 = Release|Any CPU
		{D50B727C-455D-43EF-9D1A-CCB0B7EA72CD}.Debug|Any CPU.ActiveCfg = Debug|Any CPU
		{D50B727C-455D-43EF-9D1A-CCB0B7EA72CD}.Debug|Any CPU.Build.0 = Debug|Any CPU
		{D50B727C-455D-43EF-9D1A-CCB0B7EA72CD}.Release|Any CPU.ActiveCfg = Release|Any CPU
		{D50B727C-455D-43EF-9D1A-CCB0B7EA72CD}.Release|Any CPU.Build.0 = Release|Any CPU
		{E4B62776-7C86-4971-9D0F-97075794B2C8}.Debug|Any CPU.ActiveCfg = Debug|Any CPU
		{E4B62776-7C86-4971-9D0F-97075794B2C8}.Debug|Any CPU.Build.0 = Debug|Any CPU
		{E4B62776-7C86-4971-9D0F-97075794B2C8}.Release|Any CPU.ActiveCfg = Release|Any CPU
		{E4B62776-7C86-4971-9D0F-97075794B2C8}.Release|Any CPU.Build.0 = Release|Any CPU
	EndGlobalSection
	GlobalSection(SolutionProperties) = preSolution
		HideSolutionNode = FALSE
	EndGlobalSection
	GlobalSection(ExtensibilityGlobals) = postSolution
		SolutionGuid = {BB1F2FBB-55FD-46F2-BD82-52DD467B0515}
	EndGlobalSection
EndGlobal
